// !$*UTF8*$!
{
	archiveVersion = 1;
	classes = {
	};
	objectVersion = 50;
	objects = {

/* Begin PBXBuildFile section */
		6B0BAA83269E83F80060A01F /* AppDelegate.swift in Sources */ = {isa = PBXBuildFile; fileRef = 6B0BAA82269E83F80060A01F /* AppDelegate.swift */; };
		6B0BAA85269E83F80060A01F /* SceneDelegate.swift in Sources */ = {isa = PBXBuildFile; fileRef = 6B0BAA84269E83F80060A01F /* SceneDelegate.swift */; };
		6B0BAA87269E83F80060A01F /* ViewController.swift in Sources */ = {isa = PBXBuildFile; fileRef = 6B0BAA86269E83F80060A01F /* ViewController.swift */; };
		6B0BAA8A269E83F80060A01F /* Main.storyboard in Resources */ = {isa = PBXBuildFile; fileRef = 6B0BAA88269E83F80060A01F /* Main.storyboard */; };
		6B0BAA8C269E83F90060A01F /* Assets.xcassets in Resources */ = {isa = PBXBuildFile; fileRef = 6B0BAA8B269E83F90060A01F /* Assets.xcassets */; };
		6B0BAA8F269E83F90060A01F /* LaunchScreen.storyboard in Resources */ = {isa = PBXBuildFile; fileRef = 6B0BAA8D269E83F90060A01F /* LaunchScreen.storyboard */; };
		6B0BAA9A269E83F90060A01F /* Demo_Project_03Tests.swift in Sources */ = {isa = PBXBuildFile; fileRef = 6B0BAA99269E83F90060A01F /* Demo_Project_03Tests.swift */; };
		6B0BAAA5269E83F90060A01F /* Demo_Project_03UITests.swift in Sources */ = {isa = PBXBuildFile; fileRef = 6B0BAAA4269E83F90060A01F /* Demo_Project_03UITests.swift */; };
/* End PBXBuildFile section */

/* Begin PBXContainerItemProxy section */
		6B0BAA96269E83F90060A01F /* PBXContainerItemProxy */ = {
			isa = PBXContainerItemProxy;
			containerPortal = 6B0BAA77269E83F80060A01F /* Project object */;
			proxyType = 1;
			remoteGlobalIDString = 6B0BAA7E269E83F80060A01F;
			remoteInfo = Demo_Project_03;
		};
		6B0BAAA1269E83F90060A01F /* PBXContainerItemProxy */ = {
			isa = PBXContainerItemProxy;
			containerPortal = 6B0BAA77269E83F80060A01F /* Project object */;
			proxyType = 1;
			remoteGlobalIDString = 6B0BAA7E269E83F80060A01F;
			remoteInfo = Demo_Project_03;
		};
/* End PBXContainerItemProxy section */

/* Begin PBXFileReference section */
		6B0BAA7F269E83F80060A01F /* Demo_Project_03.app */ = {isa = PBXFileReference; explicitFileType = wrapper.application; includeInIndex = 0; path = Demo_Project_03.app; sourceTree = BUILT_PRODUCTS_DIR; };
		6B0BAA82269E83F80060A01F /* AppDelegate.swift */ = {isa = PBXFileReference; lastKnownFileType = sourcecode.swift; path = AppDelegate.swift; sourceTree = "<group>"; };
		6B0BAA84269E83F80060A01F /* SceneDelegate.swift */ = {isa = PBXFileReference; lastKnownFileType = sourcecode.swift; path = SceneDelegate.swift; sourceTree = "<group>"; };
		6B0BAA86269E83F80060A01F /* ViewController.swift */ = {isa = PBXFileReference; lastKnownFileType = sourcecode.swift; path = ViewController.swift; sourceTree = "<group>"; };
		6B0BAA89269E83F80060A01F /* Base */ = {isa = PBXFileReference; lastKnownFileType = file.storyboard; name = Base; path = Base.lproj/Main.storyboard; sourceTree = "<group>"; };
		6B0BAA8B269E83F90060A01F /* Assets.xcassets */ = {isa = PBXFileReference; lastKnownFileType = folder.assetcatalog; path = Assets.xcassets; sourceTree = "<group>"; };
		6B0BAA8E269E83F90060A01F /* Base */ = {isa = PBXFileReference; lastKnownFileType = file.storyboard; name = Base; path = Base.lproj/LaunchScreen.storyboard; sourceTree = "<group>"; };
		6B0BAA90269E83F90060A01F /* Info.plist */ = {isa = PBXFileReference; lastKnownFileType = text.plist.xml; path = Info.plist; sourceTree = "<group>"; };
		6B0BAA95269E83F90060A01F /* Demo_Project_03Tests.xctest */ = {isa = PBXFileReference; explicitFileType = wrapper.cfbundle; includeInIndex = 0; path = Demo_Project_03Tests.xctest; sourceTree = BUILT_PRODUCTS_DIR; };
		6B0BAA99269E83F90060A01F /* Demo_Project_03Tests.swift */ = {isa = PBXFileReference; lastKnownFileType = sourcecode.swift; path = Demo_Project_03Tests.swift; sourceTree = "<group>"; };
		6B0BAA9B269E83F90060A01F /* Info.plist */ = {isa = PBXFileReference; lastKnownFileType = text.plist.xml; path = Info.plist; sourceTree = "<group>"; };
		6B0BAAA0269E83F90060A01F /* Demo_Project_03UITests.xctest */ = {isa = PBXFileReference; explicitFileType = wrapper.cfbundle; includeInIndex = 0; path = Demo_Project_03UITests.xctest; sourceTree = BUILT_PRODUCTS_DIR; };
		6B0BAAA4269E83F90060A01F /* Demo_Project_03UITests.swift */ = {isa = PBXFileReference; lastKnownFileType = sourcecode.swift; path = Demo_Project_03UITests.swift; sourceTree = "<group>"; };
		6B0BAAA6269E83F90060A01F /* Info.plist */ = {isa = PBXFileReference; lastKnownFileType = text.plist.xml; path = Info.plist; sourceTree = "<group>"; };
/* End PBXFileReference section */

/* Begin PBXFrameworksBuildPhase section */
		6B0BAA7C269E83F80060A01F /* Frameworks */ = {
			isa = PBXFrameworksBuildPhase;
			buildActionMask = 2147483647;
			files = (
			);
			runOnlyForDeploymentPostprocessing = 0;
		};
		6B0BAA92269E83F90060A01F /* Frameworks */ = {
			isa = PBXFrameworksBuildPhase;
			buildActionMask = 2147483647;
			files = (
			);
			runOnlyForDeploymentPostprocessing = 0;
		};
		6B0BAA9D269E83F90060A01F /* Frameworks */ = {
			isa = PBXFrameworksBuildPhase;
			buildActionMask = 2147483647;
			files = (
			);
			runOnlyForDeploymentPostprocessing = 0;
		};
/* End PBXFrameworksBuildPhase section */

/* Begin PBXGroup section */
		6B0BAA76269E83F80060A01F = {
			isa = PBXGroup;
			children = (
				6B0BAA81269E83F80060A01F /* Demo_Project_03 */,
				6B0BAA98269E83F90060A01F /* Demo_Project_03Tests */,
				6B0BAAA3269E83F90060A01F /* Demo_Project_03UITests */,
				6B0BAA80269E83F80060A01F /* Products */,
			);
			sourceTree = "<group>";
		};
		6B0BAA80269E83F80060A01F /* Products */ = {
			isa = PBXGroup;
			children = (
				6B0BAA7F269E83F80060A01F /* Demo_Project_03.app */,
				6B0BAA95269E83F90060A01F /* Demo_Project_03Tests.xctest */,
				6B0BAAA0269E83F90060A01F /* Demo_Project_03UITests.xctest */,
			);
			name = Products;
			sourceTree = "<group>";
		};
		6B0BAA81269E83F80060A01F /* Demo_Project_03 */ = {
			isa = PBXGroup;
			children = (
				6B0BAA82269E83F80060A01F /* AppDelegate.swift */,
				6B0BAA84269E83F80060A01F /* SceneDelegate.swift */,
				6B0BAA86269E83F80060A01F /* ViewController.swift */,
				6B0BAA88269E83F80060A01F /* Main.storyboard */,
				6B0BAA8B269E83F90060A01F /* Assets.xcassets */,
				6B0BAA8D269E83F90060A01F /* LaunchScreen.storyboard */,
				6B0BAA90269E83F90060A01F /* Info.plist */,
			);
			path = Demo_Project_03;
			sourceTree = "<group>";
		};
		6B0BAA98269E83F90060A01F /* Demo_Project_03Tests */ = {
			isa = PBXGroup;
			children = (
				6B0BAA99269E83F90060A01F /* Demo_Project_03Tests.swift */,
				6B0BAA9B269E83F90060A01F /* Info.plist */,
			);
			path = Demo_Project_03Tests;
			sourceTree = "<group>";
		};
		6B0BAAA3269E83F90060A01F /* Demo_Project_03UITests */ = {
			isa = PBXGroup;
			children = (
				6B0BAAA4269E83F90060A01F /* Demo_Project_03UITests.swift */,
				6B0BAAA6269E83F90060A01F /* Info.plist */,
			);
			path = Demo_Project_03UITests;
			sourceTree = "<group>";
		};
/* End PBXGroup section */

/* Begin PBXNativeTarget section */
		6B0BAA7E269E83F80060A01F /* Demo_Project_03 */ = {
			isa = PBXNativeTarget;
			buildConfigurationList = 6B0BAAA9269E83F90060A01F /* Build configuration list for PBXNativeTarget "Demo_Project_03" */;
			buildPhases = (
				6B0BAA7B269E83F80060A01F /* Sources */,
				6B0BAA7C269E83F80060A01F /* Frameworks */,
				6B0BAA7D269E83F80060A01F /* Resources */,
			);
			buildRules = (
			);
			dependencies = (
			);
			name = Demo_Project_03;
			productName = Demo_Project_03;
			productReference = 6B0BAA7F269E83F80060A01F /* Demo_Project_03.app */;
			productType = "com.apple.product-type.application";
		};
		6B0BAA94269E83F90060A01F /* Demo_Project_03Tests */ = {
			isa = PBXNativeTarget;
			buildConfigurationList = 6B0BAAAC269E83F90060A01F /* Build configuration list for PBXNativeTarget "Demo_Project_03Tests" */;
			buildPhases = (
				6B0BAA91269E83F90060A01F /* Sources */,
				6B0BAA92269E83F90060A01F /* Frameworks */,
				6B0BAA93269E83F90060A01F /* Resources */,
			);
			buildRules = (
			);
			dependencies = (
				6B0BAA97269E83F90060A01F /* PBXTargetDependency */,
			);
			name = Demo_Project_03Tests;
			productName = Demo_Project_03Tests;
			productReference = 6B0BAA95269E83F90060A01F /* Demo_Project_03Tests.xctest */;
			productType = "com.apple.product-type.bundle.unit-test";
		};
		6B0BAA9F269E83F90060A01F /* Demo_Project_03UITests */ = {
			isa = PBXNativeTarget;
			buildConfigurationList = 6B0BAAAF269E83F90060A01F /* Build configuration list for PBXNativeTarget "Demo_Project_03UITests" */;
			buildPhases = (
				6B0BAA9C269E83F90060A01F /* Sources */,
				6B0BAA9D269E83F90060A01F /* Frameworks */,
				6B0BAA9E269E83F90060A01F /* Resources */,
			);
			buildRules = (
			);
			dependencies = (
				6B0BAAA2269E83F90060A01F /* PBXTargetDependency */,
			);
			name = Demo_Project_03UITests;
			productName = Demo_Project_03UITests;
			productReference = 6B0BAAA0269E83F90060A01F /* Demo_Project_03UITests.xctest */;
			productType = "com.apple.product-type.bundle.ui-testing";
		};
/* End PBXNativeTarget section */

/* Begin PBXProject section */
		6B0BAA77269E83F80060A01F /* Project object */ = {
			isa = PBXProject;
			attributes = {
				LastSwiftUpdateCheck = 1250;
				LastUpgradeCheck = 1250;
				TargetAttributes = {
					6B0BAA7E269E83F80060A01F = {
						CreatedOnToolsVersion = 12.5;
					};
					6B0BAA94269E83F90060A01F = {
						CreatedOnToolsVersion = 12.5;
						TestTargetID = 6B0BAA7E269E83F80060A01F;
					};
					6B0BAA9F269E83F90060A01F = {
						CreatedOnToolsVersion = 12.5;
						TestTargetID = 6B0BAA7E269E83F80060A01F;
					};
				};
			};
			buildConfigurationList = 6B0BAA7A269E83F80060A01F /* Build configuration list for PBXProject "Demo_Project_03" */;
			compatibilityVersion = "Xcode 9.3";
			developmentRegion = en;
			hasScannedForEncodings = 0;
			knownRegions = (
				en,
				Base,
			);
			mainGroup = 6B0BAA76269E83F80060A01F;
			productRefGroup = 6B0BAA80269E83F80060A01F /* Products */;
			projectDirPath = "";
			projectRoot = "";
			targets = (
				6B0BAA7E269E83F80060A01F /* Demo_Project_03 */,
				6B0BAA94269E83F90060A01F /* Demo_Project_03Tests */,
				6B0BAA9F269E83F90060A01F /* Demo_Project_03UITests */,
			);
		};
/* End PBXProject section */

/* Begin PBXResourcesBuildPhase section */
		6B0BAA7D269E83F80060A01F /* Resources */ = {
			isa = PBXResourcesBuildPhase;
			buildActionMask = 2147483647;
			files = (
				6B0BAA8F269E83F90060A01F /* LaunchScreen.storyboard in Resources */,
				6B0BAA8C269E83F90060A01F /* Assets.xcassets in Resources */,
				6B0BAA8A269E83F80060A01F /* Main.storyboard in Resources */,
			);
			runOnlyForDeploymentPostprocessing = 0;
		};
		6B0BAA93269E83F90060A01F /* Resources */ = {
			isa = PBXResourcesBuildPhase;
			buildActionMask = 2147483647;
			files = (
			);
			runOnlyForDeploymentPostprocessing = 0;
		};
		6B0BAA9E269E83F90060A01F /* Resources */ = {
			isa = PBXResourcesBuildPhase;
			buildActionMask = 2147483647;
			files = (
			);
			runOnlyForDeploymentPostprocessing = 0;
		};
/* End PBXResourcesBuildPhase section */

/* Begin PBXSourcesBuildPhase section */
		6B0BAA7B269E83F80060A01F /* Sources */ = {
			isa = PBXSourcesBuildPhase;
			buildActionMask = 2147483647;
			files = (
				6B0BAA87269E83F80060A01F /* ViewController.swift in Sources */,
				6B0BAA83269E83F80060A01F /* AppDelegate.swift in Sources */,
				6B0BAA85269E83F80060A01F /* SceneDelegate.swift in Sources */,
			);
			runOnlyForDeploymentPostprocessing = 0;
		};
		6B0BAA91269E83F90060A01F /* Sources */ = {
			isa = PBXSourcesBuildPhase;
			buildActionMask = 2147483647;
			files = (
				6B0BAA9A269E83F90060A01F /* Demo_Project_03Tests.swift in Sources */,
			);
			runOnlyForDeploymentPostprocessing = 0;
		};
		6B0BAA9C269E83F90060A01F /* Sources */ = {
			isa = PBXSourcesBuildPhase;
			buildActionMask = 2147483647;
			files = (
				6B0BAAA5269E83F90060A01F /* Demo_Project_03UITests.swift in Sources */,
			);
			runOnlyForDeploymentPostprocessing = 0;
		};
/* End PBXSourcesBuildPhase section */

/* Begin PBXTargetDependency section */
		6B0BAA97269E83F90060A01F /* PBXTargetDependency */ = {
			isa = PBXTargetDependency;
			target = 6B0BAA7E269E83F80060A01F /* Demo_Project_03 */;
			targetProxy = 6B0BAA96269E83F90060A01F /* PBXContainerItemProxy */;
		};
		6B0BAAA2269E83F90060A01F /* PBXTargetDependency */ = {
			isa = PBXTargetDependency;
			target = 6B0BAA7E269E83F80060A01F /* Demo_Project_03 */;
			targetProxy = 6B0BAAA1269E83F90060A01F /* PBXContainerItemProxy */;
		};
/* End PBXTargetDependency section */

/* Begin PBXVariantGroup section */
		6B0BAA88269E83F80060A01F /* Main.storyboard */ = {
			isa = PBXVariantGroup;
			children = (
				6B0BAA89269E83F80060A01F /* Base */,
			);
			name = Main.storyboard;
			sourceTree = "<group>";
		};
		6B0BAA8D269E83F90060A01F /* LaunchScreen.storyboard */ = {
			isa = PBXVariantGroup;
			children = (
				6B0BAA8E269E83F90060A01F /* Base */,
			);
			name = LaunchScreen.storyboard;
			sourceTree = "<group>";
		};
/* End PBXVariantGroup section */

/* Begin XCBuildConfiguration section */
		6B0BAAA7269E83F90060A01F /* Debug */ = {
			isa = XCBuildConfiguration;
			buildSettings = {
				ALWAYS_SEARCH_USER_PATHS = NO;
				CLANG_ANALYZER_NONNULL = YES;
				CLANG_ANALYZER_NUMBER_OBJECT_CONVERSION = YES_AGGRESSIVE;
				CLANG_CXX_LANGUAGE_STANDARD = "gnu++14";
				CLANG_CXX_LIBRARY = "libc++";
				CLANG_ENABLE_MODULES = YES;
				CLANG_ENABLE_OBJC_ARC = YES;
				CLANG_ENABLE_OBJC_WEAK = YES;
				CLANG_WARN_BLOCK_CAPTURE_AUTORELEASING = YES;
				CLANG_WARN_BOOL_CONVERSION = YES;
				CLANG_WARN_COMMA = YES;
				CLANG_WARN_CONSTANT_CONVERSION = YES;
				CLANG_WARN_DEPRECATED_OBJC_IMPLEMENTATIONS = YES;
				CLANG_WARN_DIRECT_OBJC_ISA_USAGE = YES_ERROR;
				CLANG_WARN_DOCUMENTATION_COMMENTS = YES;
				CLANG_WARN_EMPTY_BODY = YES;
				CLANG_WARN_ENUM_CONVERSION = YES;
				CLANG_WARN_INFINITE_RECURSION = YES;
				CLANG_WARN_INT_CONVERSION = YES;
				CLANG_WARN_NON_LITERAL_NULL_CONVERSION = YES;
				CLANG_WARN_OBJC_IMPLICIT_RETAIN_SELF = YES;
				CLANG_WARN_OBJC_LITERAL_CONVERSION = YES;
				CLANG_WARN_OBJC_ROOT_CLASS = YES_ERROR;
				CLANG_WARN_QUOTED_INCLUDE_IN_FRAMEWORK_HEADER = YES;
				CLANG_WARN_RANGE_LOOP_ANALYSIS = YES;
				CLANG_WARN_STRICT_PROTOTYPES = YES;
				CLANG_WARN_SUSPICIOUS_MOVE = YES;
				CLANG_WARN_UNGUARDED_AVAILABILITY = YES_AGGRESSIVE;
				CLANG_WARN_UNREACHABLE_CODE = YES;
				CLANG_WARN__DUPLICATE_METHOD_MATCH = YES;
				COPY_PHASE_STRIP = NO;
				DEBUG_INFORMATION_FORMAT = dwarf;
				ENABLE_STRICT_OBJC_MSGSEND = YES;
				ENABLE_TESTABILITY = YES;
				GCC_C_LANGUAGE_STANDARD = gnu11;
				GCC_DYNAMIC_NO_PIC = NO;
				GCC_NO_COMMON_BLOCKS = YES;
				GCC_OPTIMIZATION_LEVEL = 0;
				GCC_PREPROCESSOR_DEFINITIONS = (
					"DEBUG=1",
					"$(inherited)",
				);
				GCC_WARN_64_TO_32_BIT_CONVERSION = YES;
				GCC_WARN_ABOUT_RETURN_TYPE = YES_ERROR;
				GCC_WARN_UNDECLARED_SELECTOR = YES;
				GCC_WARN_UNINITIALIZED_AUTOS = YES_AGGRESSIVE;
				GCC_WARN_UNUSED_FUNCTION = YES;
				GCC_WARN_UNUSED_VARIABLE = YES;
				IPHONEOS_DEPLOYMENT_TARGET = 14.5;
				MTL_ENABLE_DEBUG_INFO = INCLUDE_SOURCE;
				MTL_FAST_MATH = YES;
				ONLY_ACTIVE_ARCH = YES;
				SDKROOT = iphoneos;
				SWIFT_ACTIVE_COMPILATION_CONDITIONS = DEBUG;
				SWIFT_OPTIMIZATION_LEVEL = "-Onone";
			};
			name = Debug;
		};
		6B0BAAA8269E83F90060A01F /* Release */ = {
			isa = XCBuildConfiguration;
			buildSettings = {
				ALWAYS_SEARCH_USER_PATHS = NO;
				CLANG_ANALYZER_NONNULL = YES;
				CLANG_ANALYZER_NUMBER_OBJECT_CONVERSION = YES_AGGRESSIVE;
				CLANG_CXX_LANGUAGE_STANDARD = "gnu++14";
				CLANG_CXX_LIBRARY = "libc++";
				CLANG_ENABLE_MODULES = YES;
				CLANG_ENABLE_OBJC_ARC = YES;
				CLANG_ENABLE_OBJC_WEAK = YES;
				CLANG_WARN_BLOCK_CAPTURE_AUTORELEASING = YES;
				CLANG_WARN_BOOL_CONVERSION = YES;
				CLANG_WARN_COMMA = YES;
				CLANG_WARN_CONSTANT_CONVERSION = YES;
				CLANG_WARN_DEPRECATED_OBJC_IMPLEMENTATIONS = YES;
				CLANG_WARN_DIRECT_OBJC_ISA_USAGE = YES_ERROR;
				CLANG_WARN_DOCUMENTATION_COMMENTS = YES;
				CLANG_WARN_EMPTY_BODY = YES;
				CLANG_WARN_ENUM_CONVERSION = YES;
				CLANG_WARN_INFINITE_RECURSION = YES;
				CLANG_WARN_INT_CONVERSION = YES;
				CLANG_WARN_NON_LITERAL_NULL_CONVERSION = YES;
				CLANG_WARN_OBJC_IMPLICIT_RETAIN_SELF = YES;
				CLANG_WARN_OBJC_LITERAL_CONVERSION = YES;
				CLANG_WARN_OBJC_ROOT_CLASS = YES_ERROR;
				CLANG_WARN_QUOTED_INCLUDE_IN_FRAMEWORK_HEADER = YES;
				CLANG_WARN_RANGE_LOOP_ANALYSIS = YES;
				CLANG_WARN_STRICT_PROTOTYPES = YES;
				CLANG_WARN_SUSPICIOUS_MOVE = YES;
				CLANG_WARN_UNGUARDED_AVAILABILITY = YES_AGGRESSIVE;
				CLANG_WARN_UNREACHABLE_CODE = YES;
				CLANG_WARN__DUPLICATE_METHOD_MATCH = YES;
				COPY_PHASE_STRIP = NO;
				DEBUG_INFORMATION_FORMAT = "dwarf-with-dsym";
				ENABLE_NS_ASSERTIONS = NO;
				ENABLE_STRICT_OBJC_MSGSEND = YES;
				GCC_C_LANGUAGE_STANDARD = gnu11;
				GCC_NO_COMMON_BLOCKS = YES;
				GCC_WARN_64_TO_32_BIT_CONVERSION = YES;
				GCC_WARN_ABOUT_RETURN_TYPE = YES_ERROR;
				GCC_WARN_UNDECLARED_SELECTOR = YES;
				GCC_WARN_UNINITIALIZED_AUTOS = YES_AGGRESSIVE;
				GCC_WARN_UNUSED_FUNCTION = YES;
				GCC_WARN_UNUSED_VARIABLE = YES;
				IPHONEOS_DEPLOYMENT_TARGET = 14.5;
				MTL_ENABLE_DEBUG_INFO = NO;
				MTL_FAST_MATH = YES;
				SDKROOT = iphoneos;
				SWIFT_COMPILATION_MODE = wholemodule;
				SWIFT_OPTIMIZATION_LEVEL = "-O";
				VALIDATE_PRODUCT = YES;
			};
			name = Release;
		};
		6B0BAAAA269E83F90060A01F /* Debug */ = {
			isa = XCBuildConfiguration;
			buildSettings = {
				ASSETCATALOG_COMPILER_APPICON_NAME = AppIcon;
				ASSETCATALOG_COMPILER_GLOBAL_ACCENT_COLOR_NAME = AccentColor;
				CODE_SIGN_STYLE = Automatic;
				INFOPLIST_FILE = Demo_Project_03/Info.plist;
				LD_RUNPATH_SEARCH_PATHS = (
					"$(inherited)",
					"@executable_path/Frameworks",
				);
				PRODUCT_BUNDLE_IDENTIFIER = "d.Demo-Project-03";
				PRODUCT_NAME = "$(TARGET_NAME)";
				SWIFT_VERSION = 5.0;
				TARGETED_DEVICE_FAMILY = "1,2";
			};
			name = Debug;
		};
		6B0BAAAB269E83F90060A01F /* Release */ = {
			isa = XCBuildConfiguration;
			buildSettings = {
				ASSETCATALOG_COMPILER_APPICON_NAME = AppIcon;
				ASSETCATALOG_COMPILER_GLOBAL_ACCENT_COLOR_NAME = AccentColor;
				CODE_SIGN_STYLE = Automatic;
				INFOPLIST_FILE = Demo_Project_03/Info.plist;
				LD_RUNPATH_SEARCH_PATHS = (
					"$(inherited)",
					"@executable_path/Frameworks",
				);
				PRODUCT_BUNDLE_IDENTIFIER = "d.Demo-Project-03";
				PRODUCT_NAME = "$(TARGET_NAME)";
				SWIFT_VERSION = 5.0;
				TARGETED_DEVICE_FAMILY = "1,2";
			};
			name = Release;
		};
		6B0BAAAD269E83F90060A01F /* Debug */ = {
			isa = XCBuildConfiguration;
			buildSettings = {
				ALWAYS_EMBED_SWIFT_STANDARD_LIBRARIES = YES;
				BUNDLE_LOADER = "$(TEST_HOST)";
				CODE_SIGN_STYLE = Automatic;
				INFOPLIST_FILE = Demo_Project_03Tests/Info.plist;
				IPHONEOS_DEPLOYMENT_TARGET = 14.5;
				LD_RUNPATH_SEARCH_PATHS = (
					"$(inherited)",
					"@executable_path/Frameworks",
					"@loader_path/Frameworks",
				);
				PRODUCT_BUNDLE_IDENTIFIER = "d.Demo-Project-03Tests";
				PRODUCT_NAME = "$(TARGET_NAME)";
				SWIFT_VERSION = 5.0;
				TARGETED_DEVICE_FAMILY = "1,2";
				TEST_HOST = "$(BUILT_PRODUCTS_DIR)/Demo_Project_03.app/Demo_Project_03";
			};
			name = Debug;
		};
		6B0BAAAE269E83F90060A01F /* Release */ = {
			isa = XCBuildConfiguration;
			buildSettings = {
				ALWAYS_EMBED_SWIFT_STANDARD_LIBRARIES = YES;
				BUNDLE_LOADER = "$(TEST_HOST)";
				CODE_SIGN_STYLE = Automatic;
				INFOPLIST_FILE = Demo_Project_03Tests/Info.plist;
				IPHONEOS_DEPLOYMENT_TARGET = 14.5;
				LD_RUNPATH_SEARCH_PATHS = (
					"$(inherited)",
					"@executable_path/Frameworks",
					"@loader_path/Frameworks",
				);
				PRODUCT_BUNDLE_IDENTIFIER = "d.Demo-Project-03Tests";
				PRODUCT_NAME = "$(TARGET_NAME)";
				SWIFT_VERSION = 5.0;
				TARGETED_DEVICE_FAMILY = "1,2";
				TEST_HOST = "$(BUILT_PRODUCTS_DIR)/Demo_Project_03.app/Demo_Project_03";
			};
			name = Release;
		};
		6B0BAAB0269E83F90060A01F /* Debug */ = {
			isa = XCBuildConfiguration;
			buildSettings = {
				ALWAYS_EMBED_SWIFT_STANDARD_LIBRARIES = YES;
				CODE_SIGN_STYLE = Automatic;
				INFOPLIST_FILE = Demo_Project_03UITests/Info.plist;
				LD_RUNPATH_SEARCH_PATHS = (
					"$(inherited)",
					"@executable_path/Frameworks",
					"@loader_path/Frameworks",
				);
				PRODUCT_BUNDLE_IDENTIFIER = "d.Demo-Project-03UITests";
				PRODUCT_NAME = "$(TARGET_NAME)";
				SWIFT_VERSION = 5.0;
				TARGETED_DEVICE_FAMILY = "1,2";
				TEST_TARGET_NAME = Demo_Project_03;
			};
			name = Debug;
		};
		6B0BAAB1269E83F90060A01F /* Release */ = {
			isa = XCBuildConfiguration;
			buildSettings = {
				ALWAYS_EMBED_SWIFT_STANDARD_LIBRARIES = YES;
				CODE_SIGN_STYLE = Automatic;
				INFOPLIST_FILE = Demo_Project_03UITests/Info.plist;
				LD_RUNPATH_SEARCH_PATHS = (
					"$(inherited)",
					"@executable_path/Frameworks",
					"@loader_path/Frameworks",
				);
				PRODUCT_BUNDLE_IDENTIFIER = "d.Demo-Project-03UITests";
				PRODUCT_NAME = "$(TARGET_NAME)";
				SWIFT_VERSION = 5.0;
				TARGETED_DEVICE_FAMILY = "1,2";
				TEST_TARGET_NAME = Demo_Project_03;
			};
			name = Release;
		};
/* End XCBuildConfiguration section */

/* Begin XCConfigurationList section */
		6B0BAA7A269E83F80060A01F /* Build configuration list for PBXProject "Demo_Project_03" */ = {
			isa = XCConfigurationList;
			buildConfigurations = (
				6B0BAAA7269E83F90060A01F /* Debug */,
				6B0BAAA8269E83F90060A01F /* Release */,
			);
			defaultConfigurationIsVisible = 0;
			defaultConfigurationName = Release;
		};
		6B0BAAA9269E83F90060A01F /* Build configuration list for PBXNativeTarget "Demo_Project_03" */ = {
			isa = XCConfigurationList;
			buildConfigurations = (
				6B0BAAAA269E83F90060A01F /* Debug */,
				6B0BAAAB269E83F90060A01F /* Release */,
			);
			defaultConfigurationIsVisible = 0;
			defaultConfigurationName = Release;
		};
		6B0BAAAC269E83F90060A01F /* Build configuration list for PBXNativeTarget "Demo_Project_03Tests" */ = {
			isa = XCConfigurationList;
			buildConfigurations = (
				6B0BAAAD269E83F90060A01F /* Debug */,
				6B0BAAAE269E83F90060A01F /* Release */,
			);
			defaultConfigurationIsVisible = 0;
			defaultConfigurationName = Release;
		};
		6B0BAAAF269E83F90060A01F /* Build configuration list for PBXNativeTarget "Demo_Project_03UITests" */ = {
			isa = XCConfigurationList;
			buildConfigurations = (
				6B0BAAB0269E83F90060A01F /* Debug */,
				6B0BAAB1269E83F90060A01F /* Release */,
			);
			defaultConfigurationIsVisible = 0;
			defaultConfigurationName = Release;
		};
/* End XCConfigurationList section */
	};
	rootObject = 6B0BAA77269E83F80060A01F /* Project object */;
}
